// !$*UTF8*$!
{
	archiveVersion = 1;
	classes = {
	};
	objectVersion = 77;
	objects = {

/* Begin PBXBuildFile section */
		0FC1522DFD73252B3B5D747F /* TypeBreakdownSection.swift in Sources */ = {isa = PBXBuildFile; fileRef = ADE397C33BCA500A89CC0241 /* TypeBreakdownSection.swift */; };
		12866EF7F7724C3813A4B273 /* LogDrinkSheet.swift in Sources */ = {isa = PBXBuildFile; fileRef = B51286BE9A458025A6517CCD /* LogDrinkSheet.swift */; };
		16B8BEA9A6BE11C183CC0DB4 /* AwardsTests.swift in Sources */ = {isa = PBXBuildFile; fileRef = 6DFE8F026111C30E8F234361 /* AwardsTests.swift */; };
		244132F45A0EB592B7E0FF86 /* WelcomeStep.swift in Sources */ = {isa = PBXBuildFile; fileRef = A2E252A82842863834A4E496 /* WelcomeStep.swift */; };
		261A2E5EBD4300BDB83BCFFD /* QuietHoursSection.swift in Sources */ = {isa = PBXBuildFile; fileRef = 4665A27B2B121F91BDDE4547 /* QuietHoursSection.swift */; };
		2AF58B096D93C557222D9683 /* CoasterProtocolTests.swift in Sources */ = {isa = PBXBuildFile; fileRef = 6BB614A61B391F117469B9F8 /* CoasterProtocolTests.swift */; };
		358AB8C9D8587ABFEF8EBC62 /* SleepScheduleDerivationTests.swift in Sources */ = {isa = PBXBuildFile; fileRef = 36B57D36CDFDC9FACA03D5A9 /* SleepScheduleDerivationTests.swift */; };
		38BBBAD85B4CF45E36604B8B /* Theme.swift in Sources */ = {isa = PBXBuildFile; fileRef = 3A96A11DFB7ADECF0A676D51 /* Theme.swift */; };
		3A95D6DFD06645F14D90820B /* AppServices.swift in Sources */ = {isa = PBXBuildFile; fileRef = B0AA61D842C9A46E947C779F /* AppServices.swift */; };
		3AC86C8F8ACE872731A1F00B /* HealthKitLogger.swift in Sources */ = {isa = PBXBuildFile; fileRef = 842924407C5D1BCF494B7C55 /* HealthKitLogger.swift */; };
		3E3C0EB2E0AB64F58D838C25 /* GoalRingView.swift in Sources */ = {isa = PBXBuildFile; fileRef = 9BFB42B9BF68B473E468A94F /* GoalRingView.swift */; };
		506A0EBCD865B6828ED65F39 /* QuietHoursTests.swift in Sources */ = {isa = PBXBuildFile; fileRef = A940DE86052B9B8571246ABA /* QuietHoursTests.swift */; };
		568195F1B180512E4B955706 /* GoalStep.swift in Sources */ = {isa = PBXBuildFile; fileRef = F9301DCEA0CD6722573FC54A /* GoalStep.swift */; };
		571BE7D14C2C573622142490 /* SettingsView.swift in Sources */ = {isa = PBXBuildFile; fileRef = 4C4A3C7CE17840566B02938E /* SettingsView.swift */; };
		5A2DAAAD8083EAD06B39BD28 /* Theme.swift in Sources */ = {isa = PBXBuildFile; fileRef = 3A96A11DFB7ADECF0A676D51 /* Theme.swift */; };
		5D7329418BD0B840F767E929 /* SleepScheduleReader.swift in Sources */ = {isa = PBXBuildFile; fileRef = 24C4D3BC5354DB006B1CC2D4 /* SleepScheduleReader.swift */; };
		5DD61E19C091D18EBE862589 /* TodayView.swift in Sources */ = {isa = PBXBuildFile; fileRef = D4543064662ED135C3305086 /* TodayView.swift */; };
		5FC58CC7A8045FF4CE612974 /* Celebration.swift in Sources */ = {isa = PBXBuildFile; fileRef = 67831D9A5CE92247BD43F0FE /* Celebration.swift */; };
		62CCAA94296F802BBDA14816 /* WidgetState.swift in Sources */ = {isa = PBXBuildFile; fileRef = 4F9684A32560DDB9AD6ADA15 /* WidgetState.swift */; };
		660291D333D51F7DA798176F /* DailyTotals.swift in Sources */ = {isa = PBXBuildFile; fileRef = 2896DC92CA10A88469838585 /* DailyTotals.swift */; };
		6911D30B6B2BD00B0394BE69 /* HistoryView.swift in Sources */ = {isa = PBXBuildFile; fileRef = 61D2FF222701C4B05459E481 /* HistoryView.swift */; };
		6AC5B7A5DB4DBB6CC4E7E633 /* ReminderScheduler.swift in Sources */ = {isa = PBXBuildFile; fileRef = EA7F165E3DC5F13C21546910 /* ReminderScheduler.swift */; };
		6BDC5837DD380FAFDDE6440D /* AnalyticsTests.swift in Sources */ = {isa = PBXBuildFile; fileRef = 10DDD585DF42EF799A46C65B /* AnalyticsTests.swift */; };
		72153ADD49FCAC1EFD398B6E /* CelebrationTests.swift in Sources */ = {isa = PBXBuildFile; fileRef = 070320BC426AD9308572010C /* CelebrationTests.swift */; };
		733CE3E8364457A8DE32B85F /* WeatherService.swift in Sources */ = {isa = PBXBuildFile; fileRef = 5598C20A998C60337235F6D8 /* WeatherService.swift */; };
		7710B8ADC6D6400DE0D6CA6B /* RecalibrateFlow.swift in Sources */ = {isa = PBXBuildFile; fileRef = D410F3B1EDF13CB3F8456929 /* RecalibrateFlow.swift */; };
		793A6D35ADE8461562F8BED1 /* CoasterProtocol.swift in Sources */ = {isa = PBXBuildFile; fileRef = 96D27588433F792039DE01CB /* CoasterProtocol.swift */; };
		7A0A83E64629458992A05763 /* DrinkCatalogTests.swift in Sources */ = {isa = PBXBuildFile; fileRef = E139C42C6535901D26EDB689 /* DrinkCatalogTests.swift */; };
		7BC753DDC213EE6D8A18E15E /* LiveReadingCard.swift in Sources */ = {isa = PBXBuildFile; fileRef = 4C44E9BB0572550E6ACB300A /* LiveReadingCard.swift */; };
		7E1E7F6A32EF456FA241550C /* WeatherServiceTests.swift in Sources */ = {isa = PBXBuildFile; fileRef = BB138D839BFA35435CB3875F /* WeatherServiceTests.swift */; };
		87C157A892E13F0969789A09 /* WidgetStateTests.swift in Sources */ = {isa = PBXBuildFile; fileRef = 184A52888AC2C781A57F529F /* WidgetStateTests.swift */; };
		8D328AF6CCB4FAAA1FFD5830 /* RecalibrateReducer.swift in Sources */ = {isa = PBXBuildFile; fileRef = 2F1839894BBAC42EC180FFC7 /* RecalibrateReducer.swift */; };
		961079BC7B6792BBE3A9014A /* ConnectionHeader.swift in Sources */ = {isa = PBXBuildFile; fileRef = 4641ED60BF98CCE0CBCA35A9 /* ConnectionHeader.swift */; };
		961EE2BD116DA166FF43C8FB /* GoalCalculatorTests.swift in Sources */ = {isa = PBXBuildFile; fileRef = 28407FAC7AC7B30001505ED9 /* GoalCalculatorTests.swift */; };
		978457D198932CAC91D5A9B5 /* Awards.swift in Sources */ = {isa = PBXBuildFile; fileRef = 24FEC1927AD3004E8790C659 /* Awards.swift */; };
		9B13426CB3FA6AC0EF5EC0FF /* HydraWidget.swift in Sources */ = {isa = PBXBuildFile; fileRef = FF167C05894EC4138160A52A /* HydraWidget.swift */; };
		9B4789646250F91624D613E5 /* PairStep.swift in Sources */ = {isa = PBXBuildFile; fileRef = 060B40674C52C3525B24AC48 /* PairStep.swift */; };
		9C6EB53CDBFB654809666C91 /* AwardsView.swift in Sources */ = {isa = PBXBuildFile; fileRef = 6B612E4A8CAB38DD14EC9513 /* AwardsView.swift */; };
		9D16D7D4868DF7C52FCB272C /* Models.swift in Sources */ = {isa = PBXBuildFile; fileRef = C81F90EB90D7EF2B73213454 /* Models.swift */; };
		A27519D3FE964382FED010CA /* HydraWidgetBundle.swift in Sources */ = {isa = PBXBuildFile; fileRef = 43277651CF8027FDB119DA3B /* HydraWidgetBundle.swift */; };
		A84541861F393F3894978591 /* HydraWidgetExtension.appex in Embed Foundation Extensions */ = {isa = PBXBuildFile; fileRef = D60EBBBD54E11A3F7F624C13 /* HydraWidgetExtension.appex */; settings = {ATTRIBUTES = (RemoveHeadersOnCopy, ); }; };
		A8CA61F6B69DDA8BF0E011FA /* GoalPicker.swift in Sources */ = {isa = PBXBuildFile; fileRef = 0F9954614A9C47ACB6069D5D /* GoalPicker.swift */; };
		AFACD88360CE7A03E5AE978F /* GoalCalculator.swift in Sources */ = {isa = PBXBuildFile; fileRef = E50BD98E9EE28C657283C34C /* GoalCalculator.swift */; };
		BC1F706240A49C632D79B71A /* DrinkTypeGrid.swift in Sources */ = {isa = PBXBuildFile; fileRef = 7D6E157896B853E0B80BC01B /* DrinkTypeGrid.swift */; };
		BE11C3A3594555B1BA1AEF51 /* CoasterClient.swift in Sources */ = {isa = PBXBuildFile; fileRef = 50B83DEAF82E16691BC594FE /* CoasterClient.swift */; };
		C224E189765575CEF1EE5F14 /* RecalibrateReducerTests.swift in Sources */ = {isa = PBXBuildFile; fileRef = CCC45DF7E84A6422BB0BF66C /* RecalibrateReducerTests.swift */; };
		C8B42CC82AA0726A0B9AE8FB /* WidgetState.swift in Sources */ = {isa = PBXBuildFile; fileRef = 4F9684A32560DDB9AD6ADA15 /* WidgetState.swift */; };
		CBD7CBC91827B2350AE69EF4 /* SyncEngineTests.swift in Sources */ = {isa = PBXBuildFile; fileRef = 3A5528E1FFD57F9FFB553102 /* SyncEngineTests.swift */; };
		CC4565DF184D257DE1E3E40C /* DailyTotalsTests.swift in Sources */ = {isa = PBXBuildFile; fileRef = F8E347DBBB37C57594E361CD /* DailyTotalsTests.swift */; };
		CDA637227EA1536B13FE7E41 /* FocusStatusGate.swift in Sources */ = {isa = PBXBuildFile; fileRef = FBB0C6A12891D327CA8F0BF4 /* FocusStatusGate.swift */; };
		D24D65C5BBCF7CEA41D03F71 /* DrinkCatalog.swift in Sources */ = {isa = PBXBuildFile; fileRef = 08714BCB1CFB5330D1500567 /* DrinkCatalog.swift */; };
		D63666B8FEE3C4EC0B10BA74 /* RootView.swift in Sources */ = {isa = PBXBuildFile; fileRef = 54725E2250A0A29AF9C5B9ED /* RootView.swift */; };
		DAB11C6C0E1D496A5DB7F50B /* HeatmapSection.swift in Sources */ = {isa = PBXBuildFile; fileRef = 9806D8170D3D824C6EF468A2 /* HeatmapSection.swift */; };
		DAD4C6323FB31EBB032C4987 /* SyncEngine.swift in Sources */ = {isa = PBXBuildFile; fileRef = 88736394D9774C1DFF87FF6A /* SyncEngine.swift */; };
		E11AAB25347131D5A52DC7EB /* PersonalGoalEditor.swift in Sources */ = {isa = PBXBuildFile; fileRef = CDF4844BA3E82453F723D4C2 /* PersonalGoalEditor.swift */; };
		E40BEEE1E8DB3E3E6953CF0A /* App.swift in Sources */ = {isa = PBXBuildFile; fileRef = C4F9428305D6234372DE2B8D /* App.swift */; };
		EC6F2BC64154A078C1A1446F /* SipListSection.swift in Sources */ = {isa = PBXBuildFile; fileRef = 3A123027FDC7E499C4735C60 /* SipListSection.swift */; };
		EF07B1D65E59EBCC33F752EA /* OnboardingFlow.swift in Sources */ = {isa = PBXBuildFile; fileRef = C42C44679E04855FBEBD503B /* OnboardingFlow.swift */; };
		F13563B40CF1127E12832FB5 /* Analytics.swift in Sources */ = {isa = PBXBuildFile; fileRef = 39A488A3DA76B03D1F8D9740 /* Analytics.swift */; };
		F2A736AA50BBBF9041590DE7 /* ConnectionDebugView.swift in Sources */ = {isa = PBXBuildFile; fileRef = 6720005A5A4E1C2E3C4F929D /* ConnectionDebugView.swift */; };
		FB32D3CB5452C293C4B95779 /* ReminderSchedulerTests.swift in Sources */ = {isa = PBXBuildFile; fileRef = 9B7E966E93F62AB45397ECB0 /* ReminderSchedulerTests.swift */; };
/* End PBXBuildFile section */

/* Begin PBXContainerItemProxy section */
		346A2BC42F5652B21DECD97B /* PBXContainerItemProxy */ = {
			isa = PBXContainerItemProxy;
			containerPortal = DEBBC564F3692B63F43B05D6 /* Project object */;
			proxyType = 1;
			remoteGlobalIDString = 9890469CEC834A26AA802624;
			remoteInfo = HydraWidgetExtension;
		};
		78128B16C74D0947FA9E4169 /* PBXContainerItemProxy */ = {
			isa = PBXContainerItemProxy;
			containerPortal = DEBBC564F3692B63F43B05D6 /* Project object */;
			proxyType = 1;
			remoteGlobalIDString = 8CA05B0E25AED6DC601823BE;
			remoteInfo = HydraCoaster;
		};
/* End PBXContainerItemProxy section */

/* Begin PBXCopyFilesBuildPhase section */
		A0291B74237B3DCBA52D6808 /* Embed Foundation Extensions */ = {
			isa = PBXCopyFilesBuildPhase;
			buildActionMask = 2147483647;
			dstPath = "";
			dstSubfolderSpec = 13;
			files = (
				A84541861F393F3894978591 /* HydraWidgetExtension.appex in Embed Foundation Extensions */,
			);
			name = "Embed Foundation Extensions";
			runOnlyForDeploymentPostprocessing = 0;
		};
/* End PBXCopyFilesBuildPhase section */

/* Begin PBXFileReference section */
		060B40674C52C3525B24AC48 /* PairStep.swift */ = {isa = PBXFileReference; lastKnownFileType = sourcecode.swift; path = PairStep.swift; sourceTree = "<group>"; };
		070320BC426AD9308572010C /* CelebrationTests.swift */ = {isa = PBXFileReference; lastKnownFileType = sourcecode.swift; path = CelebrationTests.swift; sourceTree = "<group>"; };
		08714BCB1CFB5330D1500567 /* DrinkCatalog.swift */ = {isa = PBXFileReference; lastKnownFileType = sourcecode.swift; path = DrinkCatalog.swift; sourceTree = "<group>"; };
		0F9954614A9C47ACB6069D5D /* GoalPicker.swift */ = {isa = PBXFileReference; lastKnownFileType = sourcecode.swift; path = GoalPicker.swift; sourceTree = "<group>"; };
		10DDD585DF42EF799A46C65B /* AnalyticsTests.swift */ = {isa = PBXFileReference; lastKnownFileType = sourcecode.swift; path = AnalyticsTests.swift; sourceTree = "<group>"; };
		11E4E766722E42B686462BED /* Info.plist */ = {isa = PBXFileReference; lastKnownFileType = text.plist; path = Info.plist; sourceTree = "<group>"; };
		184A52888AC2C781A57F529F /* WidgetStateTests.swift */ = {isa = PBXFileReference; lastKnownFileType = sourcecode.swift; path = WidgetStateTests.swift; sourceTree = "<group>"; };
		1AE79817CA19EF3725B21098 /* HydraCoaster.app */ = {isa = PBXFileReference; includeInIndex = 0; lastKnownFileType = wrapper.application; path = HydraCoaster.app; sourceTree = BUILT_PRODUCTS_DIR; };
		24C4D3BC5354DB006B1CC2D4 /* SleepScheduleReader.swift */ = {isa = PBXFileReference; lastKnownFileType = sourcecode.swift; path = SleepScheduleReader.swift; sourceTree = "<group>"; };
		24FEC1927AD3004E8790C659 /* Awards.swift */ = {isa = PBXFileReference; lastKnownFileType = sourcecode.swift; path = Awards.swift; sourceTree = "<group>"; };
		28407FAC7AC7B30001505ED9 /* GoalCalculatorTests.swift */ = {isa = PBXFileReference; lastKnownFileType = sourcecode.swift; path = GoalCalculatorTests.swift; sourceTree = "<group>"; };
		2896DC92CA10A88469838585 /* DailyTotals.swift */ = {isa = PBXFileReference; lastKnownFileType = sourcecode.swift; path = DailyTotals.swift; sourceTree = "<group>"; };
		2F1839894BBAC42EC180FFC7 /* RecalibrateReducer.swift */ = {isa = PBXFileReference; lastKnownFileType = sourcecode.swift; path = RecalibrateReducer.swift; sourceTree = "<group>"; };
		36B57D36CDFDC9FACA03D5A9 /* SleepScheduleDerivationTests.swift */ = {isa = PBXFileReference; lastKnownFileType = sourcecode.swift; path = SleepScheduleDerivationTests.swift; sourceTree = "<group>"; };
		39A488A3DA76B03D1F8D9740 /* Analytics.swift */ = {isa = PBXFileReference; lastKnownFileType = sourcecode.swift; path = Analytics.swift; sourceTree = "<group>"; };
		3A123027FDC7E499C4735C60 /* SipListSection.swift */ = {isa = PBXFileReference; lastKnownFileType = sourcecode.swift; path = SipListSection.swift; sourceTree = "<group>"; };
		3A5528E1FFD57F9FFB553102 /* SyncEngineTests.swift */ = {isa = PBXFileReference; lastKnownFileType = sourcecode.swift; path = SyncEngineTests.swift; sourceTree = "<group>"; };
		3A96A11DFB7ADECF0A676D51 /* Theme.swift */ = {isa = PBXFileReference; lastKnownFileType = sourcecode.swift; path = Theme.swift; sourceTree = "<group>"; };
		43277651CF8027FDB119DA3B /* HydraWidgetBundle.swift */ = {isa = PBXFileReference; lastKnownFileType = sourcecode.swift; path = HydraWidgetBundle.swift; sourceTree = "<group>"; };
		4641ED60BF98CCE0CBCA35A9 /* ConnectionHeader.swift */ = {isa = PBXFileReference; lastKnownFileType = sourcecode.swift; path = ConnectionHeader.swift; sourceTree = "<group>"; };
		4665A27B2B121F91BDDE4547 /* QuietHoursSection.swift */ = {isa = PBXFileReference; lastKnownFileType = sourcecode.swift; path = QuietHoursSection.swift; sourceTree = "<group>"; };
		4C44E9BB0572550E6ACB300A /* LiveReadingCard.swift */ = {isa = PBXFileReference; lastKnownFileType = sourcecode.swift; path = LiveReadingCard.swift; sourceTree = "<group>"; };
		4C4A3C7CE17840566B02938E /* SettingsView.swift */ = {isa = PBXFileReference; lastKnownFileType = sourcecode.swift; path = SettingsView.swift; sourceTree = "<group>"; };
		4F9684A32560DDB9AD6ADA15 /* WidgetState.swift */ = {isa = PBXFileReference; lastKnownFileType = sourcecode.swift; path = WidgetState.swift; sourceTree = "<group>"; };
		4FA6D087FA70FCF071E11DA0 /* HydraWidgetExtension.entitlements */ = {isa = PBXFileReference; lastKnownFileType = text.plist.entitlements; path = HydraWidgetExtension.entitlements; sourceTree = "<group>"; };
		50B83DEAF82E16691BC594FE /* CoasterClient.swift */ = {isa = PBXFileReference; lastKnownFileType = sourcecode.swift; path = CoasterClient.swift; sourceTree = "<group>"; };
		54725E2250A0A29AF9C5B9ED /* RootView.swift */ = {isa = PBXFileReference; lastKnownFileType = sourcecode.swift; path = RootView.swift; sourceTree = "<group>"; };
		5598C20A998C60337235F6D8 /* WeatherService.swift */ = {isa = PBXFileReference; lastKnownFileType = sourcecode.swift; path = WeatherService.swift; sourceTree = "<group>"; };
		61D2FF222701C4B05459E481 /* HistoryView.swift */ = {isa = PBXFileReference; lastKnownFileType = sourcecode.swift; path = HistoryView.swift; sourceTree = "<group>"; };
		64F75460C5A1FFE782FEFA38 /* Secrets.xcconfig */ = {isa = PBXFileReference; lastKnownFileType = text.xcconfig; path = Secrets.xcconfig; sourceTree = "<group>"; };
		6720005A5A4E1C2E3C4F929D /* ConnectionDebugView.swift */ = {isa = PBXFileReference; lastKnownFileType = sourcecode.swift; path = ConnectionDebugView.swift; sourceTree = "<group>"; };
		67831D9A5CE92247BD43F0FE /* Celebration.swift */ = {isa = PBXFileReference; lastKnownFileType = sourcecode.swift; path = Celebration.swift; sourceTree = "<group>"; };
		6B612E4A8CAB38DD14EC9513 /* AwardsView.swift */ = {isa = PBXFileReference; lastKnownFileType = sourcecode.swift; path = AwardsView.swift; sourceTree = "<group>"; };
		6BB614A61B391F117469B9F8 /* CoasterProtocolTests.swift */ = {isa = PBXFileReference; lastKnownFileType = sourcecode.swift; path = CoasterProtocolTests.swift; sourceTree = "<group>"; };
		6DFE8F026111C30E8F234361 /* AwardsTests.swift */ = {isa = PBXFileReference; lastKnownFileType = sourcecode.swift; path = AwardsTests.swift; sourceTree = "<group>"; };
		71CD8A3208C36C571BF46B13 /* HydraCoaster.entitlements */ = {isa = PBXFileReference; lastKnownFileType = text.plist.entitlements; path = HydraCoaster.entitlements; sourceTree = "<group>"; };
		7D6E157896B853E0B80BC01B /* DrinkTypeGrid.swift */ = {isa = PBXFileReference; lastKnownFileType = sourcecode.swift; path = DrinkTypeGrid.swift; sourceTree = "<group>"; };
		842924407C5D1BCF494B7C55 /* HealthKitLogger.swift */ = {isa = PBXFileReference; lastKnownFileType = sourcecode.swift; path = HealthKitLogger.swift; sourceTree = "<group>"; };
		85DB0C5E3EF349CBFACC5700 /* HydraCoasterTests.xctest */ = {isa = PBXFileReference; includeInIndex = 0; lastKnownFileType = wrapper.cfbundle; path = HydraCoasterTests.xctest; sourceTree = BUILT_PRODUCTS_DIR; };
		88736394D9774C1DFF87FF6A /* SyncEngine.swift */ = {isa = PBXFileReference; lastKnownFileType = sourcecode.swift; path = SyncEngine.swift; sourceTree = "<group>"; };
		96D27588433F792039DE01CB /* CoasterProtocol.swift */ = {isa = PBXFileReference; lastKnownFileType = sourcecode.swift; path = CoasterProtocol.swift; sourceTree = "<group>"; };
		9806D8170D3D824C6EF468A2 /* HeatmapSection.swift */ = {isa = PBXFileReference; lastKnownFileType = sourcecode.swift; path = HeatmapSection.swift; sourceTree = "<group>"; };
		9B7E966E93F62AB45397ECB0 /* ReminderSchedulerTests.swift */ = {isa = PBXFileReference; lastKnownFileType = sourcecode.swift; path = ReminderSchedulerTests.swift; sourceTree = "<group>"; };
		9BFB42B9BF68B473E468A94F /* GoalRingView.swift */ = {isa = PBXFileReference; lastKnownFileType = sourcecode.swift; path = GoalRingView.swift; sourceTree = "<group>"; };
		A144B1D8DB6693B65C2F4876 /* Info.plist */ = {isa = PBXFileReference; lastKnownFileType = text.plist; path = Info.plist; sourceTree = "<group>"; };
		A2E252A82842863834A4E496 /* WelcomeStep.swift */ = {isa = PBXFileReference; lastKnownFileType = sourcecode.swift; path = WelcomeStep.swift; sourceTree = "<group>"; };
		A940DE86052B9B8571246ABA /* QuietHoursTests.swift */ = {isa = PBXFileReference; lastKnownFileType = sourcecode.swift; path = QuietHoursTests.swift; sourceTree = "<group>"; };
		ADE397C33BCA500A89CC0241 /* TypeBreakdownSection.swift */ = {isa = PBXFileReference; lastKnownFileType = sourcecode.swift; path = TypeBreakdownSection.swift; sourceTree = "<group>"; };
		B0AA61D842C9A46E947C779F /* AppServices.swift */ = {isa = PBXFileReference; lastKnownFileType = sourcecode.swift; path = AppServices.swift; sourceTree = "<group>"; };
		B51286BE9A458025A6517CCD /* LogDrinkSheet.swift */ = {isa = PBXFileReference; lastKnownFileType = sourcecode.swift; path = LogDrinkSheet.swift; sourceTree = "<group>"; };
		BB138D839BFA35435CB3875F /* WeatherServiceTests.swift */ = {isa = PBXFileReference; lastKnownFileType = sourcecode.swift; path = WeatherServiceTests.swift; sourceTree = "<group>"; };
		C42C44679E04855FBEBD503B /* OnboardingFlow.swift */ = {isa = PBXFileReference; lastKnownFileType = sourcecode.swift; path = OnboardingFlow.swift; sourceTree = "<group>"; };
		C4F9428305D6234372DE2B8D /* App.swift */ = {isa = PBXFileReference; lastKnownFileType = sourcecode.swift; path = App.swift; sourceTree = "<group>"; };
		C81F90EB90D7EF2B73213454 /* Models.swift */ = {isa = PBXFileReference; lastKnownFileType = sourcecode.swift; path = Models.swift; sourceTree = "<group>"; };
		CCC45DF7E84A6422BB0BF66C /* RecalibrateReducerTests.swift */ = {isa = PBXFileReference; lastKnownFileType = sourcecode.swift; path = RecalibrateReducerTests.swift; sourceTree = "<group>"; };
		CDF4844BA3E82453F723D4C2 /* PersonalGoalEditor.swift */ = {isa = PBXFileReference; lastKnownFileType = sourcecode.swift; path = PersonalGoalEditor.swift; sourceTree = "<group>"; };
		D410F3B1EDF13CB3F8456929 /* RecalibrateFlow.swift */ = {isa = PBXFileReference; lastKnownFileType = sourcecode.swift; path = RecalibrateFlow.swift; sourceTree = "<group>"; };
		D4543064662ED135C3305086 /* TodayView.swift */ = {isa = PBXFileReference; lastKnownFileType = sourcecode.swift; path = TodayView.swift; sourceTree = "<group>"; };
		D60EBBBD54E11A3F7F624C13 /* HydraWidgetExtension.appex */ = {isa = PBXFileReference; includeInIndex = 0; lastKnownFileType = "wrapper.app-extension"; path = HydraWidgetExtension.appex; sourceTree = BUILT_PRODUCTS_DIR; };
		E139C42C6535901D26EDB689 /* DrinkCatalogTests.swift */ = {isa = PBXFileReference; lastKnownFileType = sourcecode.swift; path = DrinkCatalogTests.swift; sourceTree = "<group>"; };
		E50BD98E9EE28C657283C34C /* GoalCalculator.swift */ = {isa = PBXFileReference; lastKnownFileType = sourcecode.swift; path = GoalCalculator.swift; sourceTree = "<group>"; };
		EA7F165E3DC5F13C21546910 /* ReminderScheduler.swift */ = {isa = PBXFileReference; lastKnownFileType = sourcecode.swift; path = ReminderScheduler.swift; sourceTree = "<group>"; };
		F8E347DBBB37C57594E361CD /* DailyTotalsTests.swift */ = {isa = PBXFileReference; lastKnownFileType = sourcecode.swift; path = DailyTotalsTests.swift; sourceTree = "<group>"; };
		F9301DCEA0CD6722573FC54A /* GoalStep.swift */ = {isa = PBXFileReference; lastKnownFileType = sourcecode.swift; path = GoalStep.swift; sourceTree = "<group>"; };
		FBB0C6A12891D327CA8F0BF4 /* FocusStatusGate.swift */ = {isa = PBXFileReference; lastKnownFileType = sourcecode.swift; path = FocusStatusGate.swift; sourceTree = "<group>"; };
		FF167C05894EC4138160A52A /* HydraWidget.swift */ = {isa = PBXFileReference; lastKnownFileType = sourcecode.swift; path = HydraWidget.swift; sourceTree = "<group>"; };
/* End PBXFileReference section */

/* Begin PBXGroup section */
		24663304E117B7E851237303 /* Awards */ = {
			isa = PBXGroup;
			children = (
				6B612E4A8CAB38DD14EC9513 /* AwardsView.swift */,
			);
			path = Awards;
			sourceTree = "<group>";
		};
		3E0439DB5D376871530DC53A /* HydraCoasterTests */ = {
			isa = PBXGroup;
			children = (
				10DDD585DF42EF799A46C65B /* AnalyticsTests.swift */,
				6DFE8F026111C30E8F234361 /* AwardsTests.swift */,
				070320BC426AD9308572010C /* CelebrationTests.swift */,
				6BB614A61B391F117469B9F8 /* CoasterProtocolTests.swift */,
				F8E347DBBB37C57594E361CD /* DailyTotalsTests.swift */,
				E139C42C6535901D26EDB689 /* DrinkCatalogTests.swift */,
				28407FAC7AC7B30001505ED9 /* GoalCalculatorTests.swift */,
				A940DE86052B9B8571246ABA /* QuietHoursTests.swift */,
				CCC45DF7E84A6422BB0BF66C /* RecalibrateReducerTests.swift */,
				9B7E966E93F62AB45397ECB0 /* ReminderSchedulerTests.swift */,
				36B57D36CDFDC9FACA03D5A9 /* SleepScheduleDerivationTests.swift */,
				3A5528E1FFD57F9FFB553102 /* SyncEngineTests.swift */,
				BB138D839BFA35435CB3875F /* WeatherServiceTests.swift */,
				184A52888AC2C781A57F529F /* WidgetStateTests.swift */,
			);
			path = HydraCoasterTests;
			sourceTree = "<group>";
		};
		47995BB5163BFB59687622BB = {
			isa = PBXGroup;
			children = (
				E3AFAF6F91A5F5ACED8DB5F1 /* HydraCoaster */,
				3E0439DB5D376871530DC53A /* HydraCoasterTests */,
				4D8834F2CE77D894DF2A8190 /* HydraWidget */,
				E337CE8E8A11A754BE9C6E11 /* ios */,
				E77330BDEE1265810F5287B5 /* Products */,
			);
			sourceTree = "<group>";
		};
		4D8834F2CE77D894DF2A8190 /* HydraWidget */ = {
			isa = PBXGroup;
			children = (
				FF167C05894EC4138160A52A /* HydraWidget.swift */,
				43277651CF8027FDB119DA3B /* HydraWidgetBundle.swift */,
				4FA6D087FA70FCF071E11DA0 /* HydraWidgetExtension.entitlements */,
				A144B1D8DB6693B65C2F4876 /* Info.plist */,
			);
			path = HydraWidget;
			sourceTree = "<group>";
		};
		60F9763741F456EB915B1801 /* Data */ = {
			isa = PBXGroup;
			children = (
				08714BCB1CFB5330D1500567 /* DrinkCatalog.swift */,
				C81F90EB90D7EF2B73213454 /* Models.swift */,
				88736394D9774C1DFF87FF6A /* SyncEngine.swift */,
			);
			path = Data;
			sourceTree = "<group>";
		};
		6C299B23C733C3F1349F0DF3 /* Coaster */ = {
			isa = PBXGroup;
			children = (
				50B83DEAF82E16691BC594FE /* CoasterClient.swift */,
				96D27588433F792039DE01CB /* CoasterProtocol.swift */,
			);
			path = Coaster;
			sourceTree = "<group>";
		};
		7EA446768FF61C45648BE5D7 /* Settings */ = {
			isa = PBXGroup;
			children = (
				0F9954614A9C47ACB6069D5D /* GoalPicker.swift */,
				CDF4844BA3E82453F723D4C2 /* PersonalGoalEditor.swift */,
				4665A27B2B121F91BDDE4547 /* QuietHoursSection.swift */,
				D410F3B1EDF13CB3F8456929 /* RecalibrateFlow.swift */,
				2F1839894BBAC42EC180FFC7 /* RecalibrateReducer.swift */,
				4C4A3C7CE17840566B02938E /* SettingsView.swift */,
			);
			path = Settings;
			sourceTree = "<group>";
		};
		7F522D471FB159A3C62F64FB /* Onboarding */ = {
			isa = PBXGroup;
			children = (
				F9301DCEA0CD6722573FC54A /* GoalStep.swift */,
				C42C44679E04855FBEBD503B /* OnboardingFlow.swift */,
				060B40674C52C3525B24AC48 /* PairStep.swift */,
				A2E252A82842863834A4E496 /* WelcomeStep.swift */,
			);
			path = Onboarding;
			sourceTree = "<group>";
		};
		9616880FAEA02110C0FEF464 /* Theme */ = {
			isa = PBXGroup;
			children = (
				3A96A11DFB7ADECF0A676D51 /* Theme.swift */,
				4F9684A32560DDB9AD6ADA15 /* WidgetState.swift */,
			);
			path = Theme;
			sourceTree = "<group>";
		};
		C92431D609E2E8951A4DC9FF /* Services */ = {
			isa = PBXGroup;
			children = (
				B0AA61D842C9A46E947C779F /* AppServices.swift */,
				24FEC1927AD3004E8790C659 /* Awards.swift */,
				67831D9A5CE92247BD43F0FE /* Celebration.swift */,
				FBB0C6A12891D327CA8F0BF4 /* FocusStatusGate.swift */,
				E50BD98E9EE28C657283C34C /* GoalCalculator.swift */,
				842924407C5D1BCF494B7C55 /* HealthKitLogger.swift */,
				EA7F165E3DC5F13C21546910 /* ReminderScheduler.swift */,
				24C4D3BC5354DB006B1CC2D4 /* SleepScheduleReader.swift */,
				5598C20A998C60337235F6D8 /* WeatherService.swift */,
			);
			path = Services;
			sourceTree = "<group>";
		};
		C93196D9903C1E8620F7285E /* Today */ = {
			isa = PBXGroup;
			children = (
				4641ED60BF98CCE0CBCA35A9 /* ConnectionHeader.swift */,
				7D6E157896B853E0B80BC01B /* DrinkTypeGrid.swift */,
				9BFB42B9BF68B473E468A94F /* GoalRingView.swift */,
				4C44E9BB0572550E6ACB300A /* LiveReadingCard.swift */,
				B51286BE9A458025A6517CCD /* LogDrinkSheet.swift */,
				3A123027FDC7E499C4735C60 /* SipListSection.swift */,
				D4543064662ED135C3305086 /* TodayView.swift */,
			);
			path = Today;
			sourceTree = "<group>";
		};
		E337CE8E8A11A754BE9C6E11 /* ios */ = {
			isa = PBXGroup;
			children = (
				64F75460C5A1FFE782FEFA38 /* Secrets.xcconfig */,
			);
			name = ios;
			path = .;
			sourceTree = "<group>";
		};
		E3AFAF6F91A5F5ACED8DB5F1 /* HydraCoaster */ = {
			isa = PBXGroup;
			children = (
				C4F9428305D6234372DE2B8D /* App.swift */,
				6720005A5A4E1C2E3C4F929D /* ConnectionDebugView.swift */,
				71CD8A3208C36C571BF46B13 /* HydraCoaster.entitlements */,
				11E4E766722E42B686462BED /* Info.plist */,
				54725E2250A0A29AF9C5B9ED /* RootView.swift */,
				24663304E117B7E851237303 /* Awards */,
				6C299B23C733C3F1349F0DF3 /* Coaster */,
				60F9763741F456EB915B1801 /* Data */,
				E97265D8F3C2A29C24CBAF36 /* History */,
				7F522D471FB159A3C62F64FB /* Onboarding */,
				C92431D609E2E8951A4DC9FF /* Services */,
				7EA446768FF61C45648BE5D7 /* Settings */,
				9616880FAEA02110C0FEF464 /* Theme */,
				C93196D9903C1E8620F7285E /* Today */,
			);
			path = HydraCoaster;
			sourceTree = "<group>";
		};
		E77330BDEE1265810F5287B5 /* Products */ = {
			isa = PBXGroup;
			children = (
				1AE79817CA19EF3725B21098 /* HydraCoaster.app */,
				85DB0C5E3EF349CBFACC5700 /* HydraCoasterTests.xctest */,
				D60EBBBD54E11A3F7F624C13 /* HydraWidgetExtension.appex */,
			);
			name = Products;
			sourceTree = "<group>";
		};
		E97265D8F3C2A29C24CBAF36 /* History */ = {
			isa = PBXGroup;
			children = (
				39A488A3DA76B03D1F8D9740 /* Analytics.swift */,
				2896DC92CA10A88469838585 /* DailyTotals.swift */,
				9806D8170D3D824C6EF468A2 /* HeatmapSection.swift */,
				61D2FF222701C4B05459E481 /* HistoryView.swift */,
				ADE397C33BCA500A89CC0241 /* TypeBreakdownSection.swift */,
			);
			path = History;
			sourceTree = "<group>";
		};
/* End PBXGroup section */

/* Begin PBXNativeTarget section */
		289E2E0B5F75FF8200B382D0 /* HydraCoasterTests */ = {
			isa = PBXNativeTarget;
			buildConfigurationList = EAD0DAC1BB52D4B66A379426 /* Build configuration list for PBXNativeTarget "HydraCoasterTests" */;
			buildPhases = (
				EA8204753C72C15E3B744D29 /* Sources */,
			);
			buildRules = (
			);
			dependencies = (
				6AEE17C26B3D827727112B00 /* PBXTargetDependency */,
			);
			name = HydraCoasterTests;
			packageProductDependencies = (
			);
			productName = HydraCoasterTests;
			productReference = 85DB0C5E3EF349CBFACC5700 /* HydraCoasterTests.xctest */;
			productType = "com.apple.product-type.bundle.unit-test";
		};
		8CA05B0E25AED6DC601823BE /* HydraCoaster */ = {
			isa = PBXNativeTarget;
			buildConfigurationList = 690FBB1EEC885DA351E3431E /* Build configuration list for PBXNativeTarget "HydraCoaster" */;
			buildPhases = (
				01EE5AB33C2134F69A84B47E /* Sources */,
				A0291B74237B3DCBA52D6808 /* Embed Foundation Extensions */,
			);
			buildRules = (
			);
			dependencies = (
				7E23F24806F234B528E8E269 /* PBXTargetDependency */,
			);
			name = HydraCoaster;
			packageProductDependencies = (
			);
			productName = HydraCoaster;
			productReference = 1AE79817CA19EF3725B21098 /* HydraCoaster.app */;
			productType = "com.apple.product-type.application";
		};
		9890469CEC834A26AA802624 /* HydraWidgetExtension */ = {
			isa = PBXNativeTarget;
			buildConfigurationList = A52837AC857F91AA5508BAA4 /* Build configuration list for PBXNativeTarget "HydraWidgetExtension" */;
			buildPhases = (
				465A9732FECB6A7F0E33849A /* Sources */,
			);
			buildRules = (
			);
			dependencies = (
			);
			name = HydraWidgetExtension;
			packageProductDependencies = (
			);
			productName = HydraWidgetExtension;
			productReference = D60EBBBD54E11A3F7F624C13 /* HydraWidgetExtension.appex */;
			productType = "com.apple.product-type.app-extension";
		};
/* End PBXNativeTarget section */

/* Begin PBXProject section */
		DEBBC564F3692B63F43B05D6 /* Project object */ = {
			isa = PBXProject;
			attributes = {
				BuildIndependentTargetsInParallel = YES;
				LastUpgradeCheck = 1430;
				TargetAttributes = {
					8CA05B0E25AED6DC601823BE = {
						DevelopmentTeam = LPU8C59HD4;
						ProvisioningStyle = Automatic;
					};
					9890469CEC834A26AA802624 = {
						DevelopmentTeam = LPU8C59HD4;
						ProvisioningStyle = Automatic;
					};
				};
			};
			buildConfigurationList = 62BC3D25FE26644437F2CFF6 /* Build configuration list for PBXProject "HydraCoaster" */;
			developmentRegion = en;
			hasScannedForEncodings = 0;
			knownRegions = (
				Base,
				en,
			);
			mainGroup = 47995BB5163BFB59687622BB;
			minimizedProjectReferenceProxies = 1;
			preferredProjectObjectVersion = 77;
			productRefGroup = E77330BDEE1265810F5287B5 /* Products */;
			projectDirPath = "";
			projectRoot = "";
			targets = (
				8CA05B0E25AED6DC601823BE /* HydraCoaster */,
				289E2E0B5F75FF8200B382D0 /* HydraCoasterTests */,
				9890469CEC834A26AA802624 /* HydraWidgetExtension */,
			);
		};
/* End PBXProject section */

/* Begin PBXSourcesBuildPhase section */
		01EE5AB33C2134F69A84B47E /* Sources */ = {
			isa = PBXSourcesBuildPhase;
			buildActionMask = 2147483647;
			files = (
				F13563B40CF1127E12832FB5 /* Analytics.swift in Sources */,
				E40BEEE1E8DB3E3E6953CF0A /* App.swift in Sources */,
				3A95D6DFD06645F14D90820B /* AppServices.swift in Sources */,
				978457D198932CAC91D5A9B5 /* Awards.swift in Sources */,
				9C6EB53CDBFB654809666C91 /* AwardsView.swift in Sources */,
				5FC58CC7A8045FF4CE612974 /* Celebration.swift in Sources */,
				BE11C3A3594555B1BA1AEF51 /* CoasterClient.swift in Sources */,
				793A6D35ADE8461562F8BED1 /* CoasterProtocol.swift in Sources */,
				F2A736AA50BBBF9041590DE7 /* ConnectionDebugView.swift in Sources */,
				961079BC7B6792BBE3A9014A /* ConnectionHeader.swift in Sources */,
				660291D333D51F7DA798176F /* DailyTotals.swift in Sources */,
				D24D65C5BBCF7CEA41D03F71 /* DrinkCatalog.swift in Sources */,
				BC1F706240A49C632D79B71A /* DrinkTypeGrid.swift in Sources */,
				CDA637227EA1536B13FE7E41 /* FocusStatusGate.swift in Sources */,
				AFACD88360CE7A03E5AE978F /* GoalCalculator.swift in Sources */,
				A8CA61F6B69DDA8BF0E011FA /* GoalPicker.swift in Sources */,
				3E3C0EB2E0AB64F58D838C25 /* GoalRingView.swift in Sources */,
				568195F1B180512E4B955706 /* GoalStep.swift in Sources */,
				3AC86C8F8ACE872731A1F00B /* HealthKitLogger.swift in Sources */,
				DAB11C6C0E1D496A5DB7F50B /* HeatmapSection.swift in Sources */,
				6911D30B6B2BD00B0394BE69 /* HistoryView.swift in Sources */,
				7BC753DDC213EE6D8A18E15E /* LiveReadingCard.swift in Sources */,
				12866EF7F7724C3813A4B273 /* LogDrinkSheet.swift in Sources */,
				9D16D7D4868DF7C52FCB272C /* Models.swift in Sources */,
				EF07B1D65E59EBCC33F752EA /* OnboardingFlow.swift in Sources */,
				9B4789646250F91624D613E5 /* PairStep.swift in Sources */,
				E11AAB25347131D5A52DC7EB /* PersonalGoalEditor.swift in Sources */,
				261A2E5EBD4300BDB83BCFFD /* QuietHoursSection.swift in Sources */,
				7710B8ADC6D6400DE0D6CA6B /* RecalibrateFlow.swift in Sources */,
				8D328AF6CCB4FAAA1FFD5830 /* RecalibrateReducer.swift in Sources */,
				6AC5B7A5DB4DBB6CC4E7E633 /* ReminderScheduler.swift in Sources */,
				D63666B8FEE3C4EC0B10BA74 /* RootView.swift in Sources */,
				571BE7D14C2C573622142490 /* SettingsView.swift in Sources */,
				EC6F2BC64154A078C1A1446F /* SipListSection.swift in Sources */,
				5D7329418BD0B840F767E929 /* SleepScheduleReader.swift in Sources */,
				DAD4C6323FB31EBB032C4987 /* SyncEngine.swift in Sources */,
				5A2DAAAD8083EAD06B39BD28 /* Theme.swift in Sources */,
				5DD61E19C091D18EBE862589 /* TodayView.swift in Sources */,
				0FC1522DFD73252B3B5D747F /* TypeBreakdownSection.swift in Sources */,
				733CE3E8364457A8DE32B85F /* WeatherService.swift in Sources */,
				244132F45A0EB592B7E0FF86 /* WelcomeStep.swift in Sources */,
				C8B42CC82AA0726A0B9AE8FB /* WidgetState.swift in Sources */,
			);
			runOnlyForDeploymentPostprocessing = 0;
		};
		465A9732FECB6A7F0E33849A /* Sources */ = {
			isa = PBXSourcesBuildPhase;
			buildActionMask = 2147483647;
			files = (
				9B13426CB3FA6AC0EF5EC0FF /* HydraWidget.swift in Sources */,
				A27519D3FE964382FED010CA /* HydraWidgetBundle.swift in Sources */,
				38BBBAD85B4CF45E36604B8B /* Theme.swift in Sources */,
				62CCAA94296F802BBDA14816 /* WidgetState.swift in Sources */,
			);
			runOnlyForDeploymentPostprocessing = 0;
		};
		EA8204753C72C15E3B744D29 /* Sources */ = {
			isa = PBXSourcesBuildPhase;
			buildActionMask = 2147483647;
			files = (
				6BDC5837DD380FAFDDE6440D /* AnalyticsTests.swift in Sources */,
				16B8BEA9A6BE11C183CC0DB4 /* AwardsTests.swift in Sources */,
				72153ADD49FCAC1EFD398B6E /* CelebrationTests.swift in Sources */,
				2AF58B096D93C557222D9683 /* CoasterProtocolTests.swift in Sources */,
				CC4565DF184D257DE1E3E40C /* DailyTotalsTests.swift in Sources */,
				7A0A83E64629458992A05763 /* DrinkCatalogTests.swift in Sources */,
				961EE2BD116DA166FF43C8FB /* GoalCalculatorTests.swift in Sources */,
				506A0EBCD865B6828ED65F39 /* QuietHoursTests.swift in Sources */,
				C224E189765575CEF1EE5F14 /* RecalibrateReducerTests.swift in Sources */,
				FB32D3CB5452C293C4B95779 /* ReminderSchedulerTests.swift in Sources */,
				358AB8C9D8587ABFEF8EBC62 /* SleepScheduleDerivationTests.swift in Sources */,
				CBD7CBC91827B2350AE69EF4 /* SyncEngineTests.swift in Sources */,
				7E1E7F6A32EF456FA241550C /* WeatherServiceTests.swift in Sources */,
				87C157A892E13F0969789A09 /* WidgetStateTests.swift in Sources */,
			);
			runOnlyForDeploymentPostprocessing = 0;
		};
/* End PBXSourcesBuildPhase section */

/* Begin PBXTargetDependency section */
		6AEE17C26B3D827727112B00 /* PBXTargetDependency */ = {
			isa = PBXTargetDependency;
			target = 8CA05B0E25AED6DC601823BE /* HydraCoaster */;
			targetProxy = 78128B16C74D0947FA9E4169 /* PBXContainerItemProxy */;
		};
		7E23F24806F234B528E8E269 /* PBXTargetDependency */ = {
			isa = PBXTargetDependency;
			target = 9890469CEC834A26AA802624 /* HydraWidgetExtension */;
			targetProxy = 346A2BC42F5652B21DECD97B /* PBXContainerItemProxy */;
		};
/* End PBXTargetDependency section */

/* Begin XCBuildConfiguration section */
		11DF1B62CAB97CB942D71AAE /* Debug */ = {
			isa = XCBuildConfiguration;
			buildSettings = {
				BUNDLE_LOADER = "$(TEST_HOST)";
				GENERATE_INFOPLIST_FILE = YES;
				LD_RUNPATH_SEARCH_PATHS = (
					"$(inherited)",
					"@executable_path/Frameworks",
					"@loader_path/Frameworks",
				);
				PRODUCT_BUNDLE_IDENTIFIER = com.ronav.HydraCoasterTests;
				SDKROOT = iphoneos;
				TARGETED_DEVICE_FAMILY = "1,2";
				TEST_HOST = "$(BUILT_PRODUCTS_DIR)/HydraCoaster.app/HydraCoaster";
			};
			name = Debug;
		};
		1CDBC811320E9132E2474F5E /* Debug */ = {
			isa = XCBuildConfiguration;
			buildSettings = {
				ALWAYS_SEARCH_USER_PATHS = NO;
				CLANG_ANALYZER_NONNULL = YES;
				CLANG_ANALYZER_NUMBER_OBJECT_CONVERSION = YES_AGGRESSIVE;
				CLANG_CXX_LANGUAGE_STANDARD = "gnu++14";
				CLANG_CXX_LIBRARY = "libc++";
				CLANG_ENABLE_MODULES = YES;
				CLANG_ENABLE_OBJC_ARC = YES;
				CLANG_ENABLE_OBJC_WEAK = YES;
				CLANG_WARN_BLOCK_CAPTURE_AUTORELEASING = YES;
				CLANG_WARN_BOOL_CONVERSION = YES;
				CLANG_WARN_COMMA = YES;
				CLANG_WARN_CONSTANT_CONVERSION = YES;
				CLANG_WARN_DEPRECATED_OBJC_IMPLEMENTATIONS = YES;
				CLANG_WARN_DIRECT_OBJC_ISA_USAGE = YES_ERROR;
				CLANG_WARN_DOCUMENTATION_COMMENTS = YES;
				CLANG_WARN_EMPTY_BODY = YES;
				CLANG_WARN_ENUM_CONVERSION = YES;
				CLANG_WARN_INFINITE_RECURSION = YES;
				CLANG_WARN_INT_CONVERSION = YES;
				CLANG_WARN_NON_LITERAL_NULL_CONVERSION = YES;
				CLANG_WARN_OBJC_IMPLICIT_RETAIN_SELF = YES;
				CLANG_WARN_OBJC_LITERAL_CONVERSION = YES;
				CLANG_WARN_OBJC_ROOT_CLASS = YES_ERROR;
				CLANG_WARN_QUOTED_INCLUDE_IN_FRAMEWORK_HEADER = YES;
				CLANG_WARN_RANGE_LOOP_ANALYSIS = YES;
				CLANG_WARN_STRICT_PROTOTYPES = YES;
				CLANG_WARN_SUSPICIOUS_MOVE = YES;
				CLANG_WARN_UNGUARDED_AVAILABILITY = YES_AGGRESSIVE;
				CLANG_WARN_UNREACHABLE_CODE = YES;
				CLANG_WARN__DUPLICATE_METHOD_MATCH = YES;
				COPY_PHASE_STRIP = NO;
				DEBUG_INFORMATION_FORMAT = dwarf;
				ENABLE_STRICT_OBJC_MSGSEND = YES;
				ENABLE_TESTABILITY = YES;
				GCC_C_LANGUAGE_STANDARD = gnu11;
				GCC_DYNAMIC_NO_PIC = NO;
				GCC_NO_COMMON_BLOCKS = YES;
				GCC_OPTIMIZATION_LEVEL = 0;
				GCC_PREPROCESSOR_DEFINITIONS = (
					"$(inherited)",
					"DEBUG=1",
				);
				GCC_WARN_64_TO_32_BIT_CONVERSION = YES;
				GCC_WARN_ABOUT_RETURN_TYPE = YES_ERROR;
				GCC_WARN_UNDECLARED_SELECTOR = YES;
				GCC_WARN_UNINITIALIZED_AUTOS = YES_AGGRESSIVE;
				GCC_WARN_UNUSED_FUNCTION = YES;
				GCC_WARN_UNUSED_VARIABLE = YES;
				IPHONEOS_DEPLOYMENT_TARGET = 17.0;
				MTL_ENABLE_DEBUG_INFO = INCLUDE_SOURCE;
				MTL_FAST_MATH = YES;
				ONLY_ACTIVE_ARCH = YES;
				PRODUCT_NAME = "$(TARGET_NAME)";
				SDKROOT = iphoneos;
				SWIFT_ACTIVE_COMPILATION_CONDITIONS = DEBUG;
				SWIFT_OPTIMIZATION_LEVEL = "-Onone";
				SWIFT_VERSION = 5.9;
			};
			name = Debug;
		};
		591835A6BD3D932F81D18713 /* Release */ = {
			isa = XCBuildConfiguration;
			baseConfigurationReference = 64F75460C5A1FFE782FEFA38 /* Secrets.xcconfig */;
			buildSettings = {
				ASSETCATALOG_COMPILER_APPICON_NAME = AppIcon;
				CODE_SIGN_ENTITLEMENTS = HydraCoaster/HydraCoaster.entitlements;
				CODE_SIGN_IDENTITY = "iPhone Developer";
				CODE_SIGN_STYLE = Automatic;
				DEVELOPMENT_TEAM = LPU8C59HD4;
				INFOPLIST_FILE = HydraCoaster/Info.plist;
				LD_RUNPATH_SEARCH_PATHS = (
					"$(inherited)",
					"@executable_path/Frameworks",
				);
				PRODUCT_BUNDLE_IDENTIFIER = com.ronav.HydraCoaster;
				SDKROOT = iphoneos;
				TARGETED_DEVICE_FAMILY = 1;
			};
			name = Release;
		};
		6B6DF31B95747EDA80FB039E /* Debug */ = {
			isa = XCBuildConfiguration;
			buildSettings = {
				CODE_SIGN_ENTITLEMENTS = HydraWidget/HydraWidgetExtension.entitlements;
				CODE_SIGN_STYLE = Automatic;
				DEVELOPMENT_TEAM = LPU8C59HD4;
				INFOPLIST_FILE = HydraWidget/Info.plist;
				LD_RUNPATH_SEARCH_PATHS = (
					"$(inherited)",
					"@executable_path/Frameworks",
					"@executable_path/../../Frameworks",
				);
				PRODUCT_BUNDLE_IDENTIFIER = com.ronav.HydraCoaster.Widgets;
				SDKROOT = iphoneos;
				TARGETED_DEVICE_FAMILY = 1;
			};
			name = Debug;
		};
		71607ABEFB79BC008F6F7E10 /* Release */ = {
			isa = XCBuildConfiguration;
			buildSettings = {
				CODE_SIGN_ENTITLEMENTS = HydraWidget/HydraWidgetExtension.entitlements;
				CODE_SIGN_STYLE = Automatic;
				DEVELOPMENT_TEAM = LPU8C59HD4;
				INFOPLIST_FILE = HydraWidget/Info.plist;
				LD_RUNPATH_SEARCH_PATHS = (
					"$(inherited)",
					"@executable_path/Frameworks",
					"@executable_path/../../Frameworks",
				);
				PRODUCT_BUNDLE_IDENTIFIER = com.ronav.HydraCoaster.Widgets;
				SDKROOT = iphoneos;
				TARGETED_DEVICE_FAMILY = 1;
			};
			name = Release;
		};
		9BA48E3251AE401013347559 /* Debug */ = {
			isa = XCBuildConfiguration;
			baseConfigurationReference = 64F75460C5A1FFE782FEFA38 /* Secrets.xcconfig */;
			buildSettings = {
				ASSETCATALOG_COMPILER_APPICON_NAME = AppIcon;
				CODE_SIGN_ENTITLEMENTS = HydraCoaster/HydraCoaster.entitlements;
				CODE_SIGN_IDENTITY = "iPhone Developer";
				CODE_SIGN_STYLE = Automatic;
				DEVELOPMENT_TEAM = LPU8C59HD4;
				INFOPLIST_FILE = HydraCoaster/Info.plist;
				LD_RUNPATH_SEARCH_PATHS = (
					"$(inherited)",
					"@executable_path/Frameworks",
				);
				PRODUCT_BUNDLE_IDENTIFIER = com.ronav.HydraCoaster;
				SDKROOT = iphoneos;
				TARGETED_DEVICE_FAMILY = 1;
			};
			name = Debug;
		};
		F05AF2AD9218B12338546721 /* Release */ = {
			isa = XCBuildConfiguration;
			buildSettings = {
				ALWAYS_SEARCH_USER_PATHS = NO;
				CLANG_ANALYZER_NONNULL = YES;
				CLANG_ANALYZER_NUMBER_OBJECT_CONVERSION = YES_AGGRESSIVE;
				CLANG_CXX_LANGUAGE_STANDARD = "gnu++14";
				CLANG_CXX_LIBRARY = "libc++";
				CLANG_ENABLE_MODULES = YES;
				CLANG_ENABLE_OBJC_ARC = YES;
				CLANG_ENABLE_OBJC_WEAK = YES;
				CLANG_WARN_BLOCK_CAPTURE_AUTORELEASING = YES;
				CLANG_WARN_BOOL_CONVERSION = YES;
				CLANG_WARN_COMMA = YES;
				CLANG_WARN_CONSTANT_CONVERSION = YES;
				CLANG_WARN_DEPRECATED_OBJC_IMPLEMENTATIONS = YES;
				CLANG_WARN_DIRECT_OBJC_ISA_USAGE = YES_ERROR;
				CLANG_WARN_DOCUMENTATION_COMMENTS = YES;
				CLANG_WARN_EMPTY_BODY = YES;
				CLANG_WARN_ENUM_CONVERSION = YES;
				CLANG_WARN_INFINITE_RECURSION = YES;
				CLANG_WARN_INT_CONVERSION = YES;
				CLANG_WARN_NON_LITERAL_NULL_CONVERSION = YES;
				CLANG_WARN_OBJC_IMPLICIT_RETAIN_SELF = YES;
				CLANG_WARN_OBJC_LITERAL_CONVERSION = YES;
				CLANG_WARN_OBJC_ROOT_CLASS = YES_ERROR;
				CLANG_WARN_QUOTED_INCLUDE_IN_FRAMEWORK_HEADER = YES;
				CLANG_WARN_RANGE_LOOP_ANALYSIS = YES;
				CLANG_WARN_STRICT_PROTOTYPES = YES;
				CLANG_WARN_SUSPICIOUS_MOVE = YES;
				CLANG_WARN_UNGUARDED_AVAILABILITY = YES_AGGRESSIVE;
				CLANG_WARN_UNREACHABLE_CODE = YES;
				CLANG_WARN__DUPLICATE_METHOD_MATCH = YES;
				COPY_PHASE_STRIP = NO;
				DEBUG_INFORMATION_FORMAT = "dwarf-with-dsym";
				ENABLE_NS_ASSERTIONS = NO;
				ENABLE_STRICT_OBJC_MSGSEND = YES;
				GCC_C_LANGUAGE_STANDARD = gnu11;
				GCC_NO_COMMON_BLOCKS = YES;
				GCC_WARN_64_TO_32_BIT_CONVERSION = YES;
				GCC_WARN_ABOUT_RETURN_TYPE = YES_ERROR;
				GCC_WARN_UNDECLARED_SELECTOR = YES;
				GCC_WARN_UNINITIALIZED_AUTOS = YES_AGGRESSIVE;
				GCC_WARN_UNUSED_FUNCTION = YES;
				GCC_WARN_UNUSED_VARIABLE = YES;
				IPHONEOS_DEPLOYMENT_TARGET = 17.0;
				MTL_ENABLE_DEBUG_INFO = NO;
				MTL_FAST_MATH = YES;
				PRODUCT_NAME = "$(TARGET_NAME)";
				SDKROOT = iphoneos;
				SWIFT_COMPILATION_MODE = wholemodule;
				SWIFT_OPTIMIZATION_LEVEL = "-O";
				SWIFT_VERSION = 5.9;
			};
			name = Release;
		};
		F7A3BC3B6BEEA5E3FDF01E56 /* Release */ = {
			isa = XCBuildConfiguration;
			buildSettings = {
				BUNDLE_LOADER = "$(TEST_HOST)";
				GENERATE_INFOPLIST_FILE = YES;
				LD_RUNPATH_SEARCH_PATHS = (
					"$(inherited)",
					"@executable_path/Frameworks",
					"@loader_path/Frameworks",
				);
				PRODUCT_BUNDLE_IDENTIFIER = com.ronav.HydraCoasterTests;
				SDKROOT = iphoneos;
				TARGETED_DEVICE_FAMILY = "1,2";
				TEST_HOST = "$(BUILT_PRODUCTS_DIR)/HydraCoaster.app/HydraCoaster";
			};
			name = Release;
		};
/* End XCBuildConfiguration section */

/* Begin XCConfigurationList section */
		62BC3D25FE26644437F2CFF6 /* Build configuration list for PBXProject "HydraCoaster" */ = {
			isa = XCConfigurationList;
			buildConfigurations = (
				1CDBC811320E9132E2474F5E /* Debug */,
				F05AF2AD9218B12338546721 /* Release */,
			);
			defaultConfigurationIsVisible = 0;
			defaultConfigurationName = Debug;
		};
		690FBB1EEC885DA351E3431E /* Build configuration list for PBXNativeTarget "HydraCoaster" */ = {
			isa = XCConfigurationList;
			buildConfigurations = (
				9BA48E3251AE401013347559 /* Debug */,
				591835A6BD3D932F81D18713 /* Release */,
			);
			defaultConfigurationIsVisible = 0;
			defaultConfigurationName = Debug;
		};
		A52837AC857F91AA5508BAA4 /* Build configuration list for PBXNativeTarget "HydraWidgetExtension" */ = {
			isa = XCConfigurationList;
			buildConfigurations = (
				6B6DF31B95747EDA80FB039E /* Debug */,
				71607ABEFB79BC008F6F7E10 /* Release */,
			);
			defaultConfigurationIsVisible = 0;
			defaultConfigurationName = Debug;
		};
		EAD0DAC1BB52D4B66A379426 /* Build configuration list for PBXNativeTarget "HydraCoasterTests" */ = {
			isa = XCConfigurationList;
			buildConfigurations = (
				11DF1B62CAB97CB942D71AAE /* Debug */,
				F7A3BC3B6BEEA5E3FDF01E56 /* Release */,
			);
			defaultConfigurationIsVisible = 0;
			defaultConfigurationName = Debug;
		};
/* End XCConfigurationList section */
	};
	rootObject = DEBBC564F3692B63F43B05D6 /* Project object */;
}
